
Microsoft Visual Studio Solution File, Format Version 12.00
# Visual Studio Version 17
VisualStudioVersion = 17.5.33530.505
MinimumVisualStudioVersion = 10.0.40219.1
Project("{FAE04EC0-301F-11D3-BF4B-00C04F79EFBC}") = "SpeakMessage", "SpeakMessage\SpeakMessage.csproj", "{210EA631-5229-46F9-8BD5-843886972966}"
EndProject
Global
	GlobalSection(SolutionConfigurationPlatforms) = preSolution
		Debug|Any CPU = Debug|Any CPU
		Release|Any CPU = Release|Any CPU
	EndGlobalSection
	GlobalSection(ProjectConfigurationPlatforms) = postSolution
		{210EA631-5229-46F9-8BD5-843886972966}.Debug|Any CPU.ActiveCfg = Debug|Any CPU
		{210EA631-5229-46F9-8BD5-843886972966}.Debug|Any CPU.Build.0 = Debug|Any CPU
		{210EA631-5229-46F9-8BD5-843886972966}.Release|Any CPU.ActiveCfg = Release|Any CPU
		{210EA631-5229-46F9-8BD5-843886972966}.Release|Any CPU.Build.0 = Release|Any CPU
	EndGlobalSection
	GlobalSection(SolutionProperties) = preSolution
		HideSolutionNode = FALSE
	EndGlobalSection
	GlobalSection(ExtensibilityGlobals) = postSolution
		SolutionGuid = {687D1819-28DA-42E4-8D6B-F7782BA8EACF}
	EndGlobalSection
EndGlobal
